// !$*UTF8*$!
{
	archiveVersion = 1;
	classes = {
	};
	objectVersion = 45;
	objects = {

/* Begin PBXBuildFile section */
		520A8AD71F81ACE800B039CC /* PresentationViewerModel.swift in Sources */ = {isa = PBXBuildFile; fileRef = 520A8AD61F81ACE800B039CC /* PresentationViewerModel.swift */; };
		520A8AE21F8337AD00B039CC /* PresentationTableViewController.swift in Sources */ = {isa = PBXBuildFile; fileRef = 520A8AE01F8337AD00B039CC /* PresentationTableViewController.swift */; };
		520A8AE31F8337AE00B039CC /* PresentationTableViewController.xib in Resources */ = {isa = PBXBuildFile; fileRef = 520A8AE11F8337AD00B039CC /* PresentationTableViewController.xib */; };
		52B6DD601F85AAC0004582A6 /* BookmarksTableViewController.swift in Sources */ = {isa = PBXBuildFile; fileRef = 52B6DD5E1F85AAC0004582A6 /* BookmarksTableViewController.swift */; };
		52B6DD611F85AAC0004582A6 /* BookmarksTableViewController.xib in Resources */ = {isa = PBXBuildFile; fileRef = 52B6DD5F1F85AAC0004582A6 /* BookmarksTableViewController.xib */; };
		52C244A01F89D941009B6F77 /* MyView.swift in Sources */ = {isa = PBXBuildFile; fileRef = 52C2449F1F89D941009B6F77 /* MyView.swift */; };
		52C244A31F89EEF6009B6F77 /* PDFViewHolder.swift in Sources */ = {isa = PBXBuildFile; fileRef = 52C244A11F89EEF6009B6F77 /* PDFViewHolder.swift */; };
		52C244A41F89EEF6009B6F77 /* PDFViewHolder.xib in Resources */ = {isa = PBXBuildFile; fileRef = 52C244A21F89EEF6009B6F77 /* PDFViewHolder.xib */; };
		52EFE9301F81A5DF00F122D1 /* AppDelegate.swift in Sources */ = {isa = PBXBuildFile; fileRef = 52EFE92F1F81A5DF00F122D1 /* AppDelegate.swift */; };
		52EFE9341F81A5DF00F122D1 /* Assets.xcassets in Resources */ = {isa = PBXBuildFile; fileRef = 52EFE9331F81A5DF00F122D1 /* Assets.xcassets */; };
		52EFE9421F81A5DF00F122D1 /* PresentationViewerTests.swift in Sources */ = {isa = PBXBuildFile; fileRef = 52EFE9411F81A5DF00F122D1 /* PresentationViewerTests.swift */; };
		52EFE94D1F81A5DF00F122D1 /* PresentationViewerUITests.swift in Sources */ = {isa = PBXBuildFile; fileRef = 52EFE94C1F81A5DF00F122D1 /* PresentationViewerUITests.swift */; };
		52EFE95B1F81A69200F122D1 /* MainMenu.xib in Resources */ = {isa = PBXBuildFile; fileRef = 52EFE95A1F81A69200F122D1 /* MainMenu.xib */; };
		52EFE95E1F81A84700F122D1 /* Quartz.framework in Frameworks */ = {isa = PBXBuildFile; fileRef = 52EFE95D1F81A84700F122D1 /* Quartz.framework */; };
		52EFE9611F81A8CD00F122D1 /* WindowController.swift in Sources */ = {isa = PBXBuildFile; fileRef = 52EFE95F1F81A8CD00F122D1 /* WindowController.swift */; };
		52EFE9621F81A8CD00F122D1 /* WindowController.xib in Resources */ = {isa = PBXBuildFile; fileRef = 52EFE9601F81A8CD00F122D1 /* WindowController.xib */; };
		52FF981B1F87275B007ADEF2 /* PresentationWindow.swift in Sources */ = {isa = PBXBuildFile; fileRef = 52FF98191F87275B007ADEF2 /* PresentationWindow.swift */; };
		52FF981C1F87275B007ADEF2 /* PresentationWindow.xib in Resources */ = {isa = PBXBuildFile; fileRef = 52FF981A1F87275B007ADEF2 /* PresentationWindow.xib */; };
/* End PBXBuildFile section */

/* Begin PBXContainerItemProxy section */
		52EFE93E1F81A5DF00F122D1 /* PBXContainerItemProxy */ = {
			isa = PBXContainerItemProxy;
			containerPortal = 52EFE9241F81A5DE00F122D1 /* Project object */;
			proxyType = 1;
			remoteGlobalIDString = 52EFE92B1F81A5DE00F122D1;
			remoteInfo = PresentationViewer;
		};
		52EFE9491F81A5DF00F122D1 /* PBXContainerItemProxy */ = {
			isa = PBXContainerItemProxy;
			containerPortal = 52EFE9241F81A5DE00F122D1 /* Project object */;
			proxyType = 1;
			remoteGlobalIDString = 52EFE92B1F81A5DE00F122D1;
			remoteInfo = PresentationViewer;
		};
/* End PBXContainerItemProxy section */

/* Begin PBXFileReference section */
		520A8AD61F81ACE800B039CC /* PresentationViewerModel.swift */ = {isa = PBXFileReference; fileEncoding = 4; lastKnownFileType = sourcecode.swift; path = PresentationViewerModel.swift; sourceTree = "<group>"; };
		520A8AE01F8337AD00B039CC /* PresentationTableViewController.swift */ = {isa = PBXFileReference; fileEncoding = 4; lastKnownFileType = sourcecode.swift; path = PresentationTableViewController.swift; sourceTree = "<group>"; };
		520A8AE11F8337AD00B039CC /* PresentationTableViewController.xib */ = {isa = PBXFileReference; fileEncoding = 4; lastKnownFileType = file.xib; path = PresentationTableViewController.xib; sourceTree = "<group>"; };
		52B6DD5E1F85AAC0004582A6 /* BookmarksTableViewController.swift */ = {isa = PBXFileReference; fileEncoding = 4; lastKnownFileType = sourcecode.swift; path = BookmarksTableViewController.swift; sourceTree = "<group>"; };
		52B6DD5F1F85AAC0004582A6 /* BookmarksTableViewController.xib */ = {isa = PBXFileReference; fileEncoding = 4; lastKnownFileType = file.xib; path = BookmarksTableViewController.xib; sourceTree = "<group>"; };
		52C2449F1F89D941009B6F77 /* MyView.swift */ = {isa = PBXFileReference; fileEncoding = 4; lastKnownFileType = sourcecode.swift; path = MyView.swift; sourceTree = "<group>"; };
		52C244A11F89EEF6009B6F77 /* PDFViewHolder.swift */ = {isa = PBXFileReference; fileEncoding = 4; lastKnownFileType = sourcecode.swift; path = PDFViewHolder.swift; sourceTree = "<group>"; };
		52C244A21F89EEF6009B6F77 /* PDFViewHolder.xib */ = {isa = PBXFileReference; fileEncoding = 4; lastKnownFileType = file.xib; path = PDFViewHolder.xib; sourceTree = "<group>"; };
		52EFE92C1F81A5DE00F122D1 /* PresentationViewer.app */ = {isa = PBXFileReference; explicitFileType = wrapper.application; includeInIndex = 0; path = PresentationViewer.app; sourceTree = BUILT_PRODUCTS_DIR; };
		52EFE92F1F81A5DF00F122D1 /* AppDelegate.swift */ = {isa = PBXFileReference; lastKnownFileType = sourcecode.swift; path = AppDelegate.swift; sourceTree = "<group>"; };
		52EFE9331F81A5DF00F122D1 /* Assets.xcassets */ = {isa = PBXFileReference; lastKnownFileType = folder.assetcatalog; path = Assets.xcassets; sourceTree = "<group>"; };
		52EFE9381F81A5DF00F122D1 /* Info.plist */ = {isa = PBXFileReference; lastKnownFileType = text.plist.xml; path = Info.plist; sourceTree = "<group>"; };
		52EFE93D1F81A5DF00F122D1 /* PresentationViewerTests.xctest */ = {isa = PBXFileReference; explicitFileType = wrapper.cfbundle; includeInIndex = 0; path = PresentationViewerTests.xctest; sourceTree = BUILT_PRODUCTS_DIR; };
		52EFE9411F81A5DF00F122D1 /* PresentationViewerTests.swift */ = {isa = PBXFileReference; lastKnownFileType = sourcecode.swift; path = PresentationViewerTests.swift; sourceTree = "<group>"; };
		52EFE9431F81A5DF00F122D1 /* Info.plist */ = {isa = PBXFileReference; lastKnownFileType = text.plist.xml; path = Info.plist; sourceTree = "<group>"; };
		52EFE9481F81A5DF00F122D1 /* PresentationViewerUITests.xctest */ = {isa = PBXFileReference; explicitFileType = wrapper.cfbundle; includeInIndex = 0; path = PresentationViewerUITests.xctest; sourceTree = BUILT_PRODUCTS_DIR; };
		52EFE94C1F81A5DF00F122D1 /* PresentationViewerUITests.swift */ = {isa = PBXFileReference; lastKnownFileType = sourcecode.swift; path = PresentationViewerUITests.swift; sourceTree = "<group>"; };
		52EFE94E1F81A5DF00F122D1 /* Info.plist */ = {isa = PBXFileReference; lastKnownFileType = text.plist.xml; path = Info.plist; sourceTree = "<group>"; };
		52EFE95A1F81A69200F122D1 /* MainMenu.xib */ = {isa = PBXFileReference; fileEncoding = 4; lastKnownFileType = file.xib; path = MainMenu.xib; sourceTree = "<group>"; };
		52EFE95D1F81A84700F122D1 /* Quartz.framework */ = {isa = PBXFileReference; lastKnownFileType = wrapper.framework; name = Quartz.framework; path = System/Library/Frameworks/Quartz.framework; sourceTree = SDKROOT; };
		52EFE95F1F81A8CD00F122D1 /* WindowController.swift */ = {isa = PBXFileReference; fileEncoding = 4; lastKnownFileType = sourcecode.swift; path = WindowController.swift; sourceTree = "<group>"; };
		52EFE9601F81A8CD00F122D1 /* WindowController.xib */ = {isa = PBXFileReference; fileEncoding = 4; lastKnownFileType = file.xib; path = WindowController.xib; sourceTree = "<group>"; };
		52FF98191F87275B007ADEF2 /* PresentationWindow.swift */ = {isa = PBXFileReference; fileEncoding = 4; lastKnownFileType = sourcecode.swift; path = PresentationWindow.swift; sourceTree = "<group>"; };
		52FF981A1F87275B007ADEF2 /* PresentationWindow.xib */ = {isa = PBXFileReference; fileEncoding = 4; lastKnownFileType = file.xib; path = PresentationWindow.xib; sourceTree = "<group>"; };
/* End PBXFileReference section */

/* Begin PBXFrameworksBuildPhase section */
		52EFE9291F81A5DE00F122D1 /* Frameworks */ = {
			isa = PBXFrameworksBuildPhase;
			buildActionMask = 2147483647;
			files = (
				52EFE95E1F81A84700F122D1 /* Quartz.framework in Frameworks */,
			);
			runOnlyForDeploymentPostprocessing = 0;
		};
		52EFE93A1F81A5DF00F122D1 /* Frameworks */ = {
			isa = PBXFrameworksBuildPhase;
			buildActionMask = 2147483647;
			files = (
			);
			runOnlyForDeploymentPostprocessing = 0;
		};
		52EFE9451F81A5DF00F122D1 /* Frameworks */ = {
			isa = PBXFrameworksBuildPhase;
			buildActionMask = 2147483647;
			files = (
			);
			runOnlyForDeploymentPostprocessing = 0;
		};
/* End PBXFrameworksBuildPhase section */

/* Begin PBXGroup section */
		52EFE9231F81A5DE00F122D1 = {
			isa = PBXGroup;
			children = (
				52EFE92E1F81A5DF00F122D1 /* PresentationViewer */,
				52EFE9401F81A5DF00F122D1 /* PresentationViewerTests */,
				52EFE94B1F81A5DF00F122D1 /* PresentationViewerUITests */,
				52EFE92D1F81A5DE00F122D1 /* Products */,
				52EFE95C1F81A84600F122D1 /* Frameworks */,
			);
			sourceTree = "<group>";
		};
		52EFE92D1F81A5DE00F122D1 /* Products */ = {
			isa = PBXGroup;
			children = (
				52EFE92C1F81A5DE00F122D1 /* PresentationViewer.app */,
				52EFE93D1F81A5DF00F122D1 /* PresentationViewerTests.xctest */,
				52EFE9481F81A5DF00F122D1 /* PresentationViewerUITests.xctest */,
			);
			name = Products;
			sourceTree = "<group>";
		};
		52EFE92E1F81A5DF00F122D1 /* PresentationViewer */ = {
			isa = PBXGroup;
			children = (
				52EFE92F1F81A5DF00F122D1 /* AppDelegate.swift */,
				52EFE9601F81A8CD00F122D1 /* WindowController.xib */,
				520A8AD61F81ACE800B039CC /* PresentationViewerModel.swift */,
				52EFE95F1F81A8CD00F122D1 /* WindowController.swift */,
				52C2449F1F89D941009B6F77 /* MyView.swift */,
				52FF98191F87275B007ADEF2 /* PresentationWindow.swift */,
				52C244A11F89EEF6009B6F77 /* PDFViewHolder.swift */,
				52C244A21F89EEF6009B6F77 /* PDFViewHolder.xib */,
				52FF981A1F87275B007ADEF2 /* PresentationWindow.xib */,
				520A8AE01F8337AD00B039CC /* PresentationTableViewController.swift */,
				52B6DD5E1F85AAC0004582A6 /* BookmarksTableViewController.swift */,
				52B6DD5F1F85AAC0004582A6 /* BookmarksTableViewController.xib */,
				520A8AE11F8337AD00B039CC /* PresentationTableViewController.xib */,
				52EFE9331F81A5DF00F122D1 /* Assets.xcassets */,
				52EFE9381F81A5DF00F122D1 /* Info.plist */,
				52EFE95A1F81A69200F122D1 /* MainMenu.xib */,
			);
			path = PresentationViewer;
			sourceTree = "<group>";
		};
		52EFE9401F81A5DF00F122D1 /* PresentationViewerTests */ = {
			isa = PBXGroup;
			children = (
				52EFE9411F81A5DF00F122D1 /* PresentationViewerTests.swift */,
				52EFE9431F81A5DF00F122D1 /* Info.plist */,
			);
			path = PresentationViewerTests;
			sourceTree = "<group>";
		};
		52EFE94B1F81A5DF00F122D1 /* PresentationViewerUITests */ = {
			isa = PBXGroup;
			children = (
				52EFE94C1F81A5DF00F122D1 /* PresentationViewerUITests.swift */,
				52EFE94E1F81A5DF00F122D1 /* Info.plist */,
			);
			path = PresentationViewerUITests;
			sourceTree = "<group>";
		};
		52EFE95C1F81A84600F122D1 /* Frameworks */ = {
			isa = PBXGroup;
			children = (
				52EFE95D1F81A84700F122D1 /* Quartz.framework */,
			);
			name = Frameworks;
			sourceTree = "<group>";
		};
/* End PBXGroup section */

/* Begin PBXNativeTarget section */
		52EFE92B1F81A5DE00F122D1 /* PresentationViewer */ = {
			isa = PBXNativeTarget;
			buildConfigurationList = 52EFE9511F81A5DF00F122D1 /* Build configuration list for PBXNativeTarget "PresentationViewer" */;
			buildPhases = (
				52EFE9281F81A5DE00F122D1 /* Sources */,
				52EFE9291F81A5DE00F122D1 /* Frameworks */,
				52EFE92A1F81A5DE00F122D1 /* Resources */,
			);
			buildRules = (
			);
			dependencies = (
			);
			name = PresentationViewer;
			productName = PresentationViewer;
			productReference = 52EFE92C1F81A5DE00F122D1 /* PresentationViewer.app */;
			productType = "com.apple.product-type.application";
		};
		52EFE93C1F81A5DF00F122D1 /* PresentationViewerTests */ = {
			isa = PBXNativeTarget;
			buildConfigurationList = 52EFE9541F81A5DF00F122D1 /* Build configuration list for PBXNativeTarget "PresentationViewerTests" */;
			buildPhases = (
				52EFE9391F81A5DF00F122D1 /* Sources */,
				52EFE93A1F81A5DF00F122D1 /* Frameworks */,
				52EFE93B1F81A5DF00F122D1 /* Resources */,
			);
			buildRules = (
			);
			dependencies = (
				52EFE93F1F81A5DF00F122D1 /* PBXTargetDependency */,
			);
			name = PresentationViewerTests;
			productName = PresentationViewerTests;
			productReference = 52EFE93D1F81A5DF00F122D1 /* PresentationViewerTests.xctest */;
			productType = "com.apple.product-type.bundle.unit-test";
		};
		52EFE9471F81A5DF00F122D1 /* PresentationViewerUITests */ = {
			isa = PBXNativeTarget;
			buildConfigurationList = 52EFE9571F81A5DF00F122D1 /* Build configuration list for PBXNativeTarget "PresentationViewerUITests" */;
			buildPhases = (
				52EFE9441F81A5DF00F122D1 /* Sources */,
				52EFE9451F81A5DF00F122D1 /* Frameworks */,
				52EFE9461F81A5DF00F122D1 /* Resources */,
			);
			buildRules = (
			);
			dependencies = (
				52EFE94A1F81A5DF00F122D1 /* PBXTargetDependency */,
			);
			name = PresentationViewerUITests;
			productName = PresentationViewerUITests;
			productReference = 52EFE9481F81A5DF00F122D1 /* PresentationViewerUITests.xctest */;
			productType = "com.apple.product-type.bundle.ui-testing";
		};
/* End PBXNativeTarget section */

/* Begin PBXProject section */
		52EFE9241F81A5DE00F122D1 /* Project object */ = {
			isa = PBXProject;
			attributes = {
				LastSwiftUpdateCheck = 0830;
				LastUpgradeCheck = 0830;
				ORGANIZATIONNAME = "Sam Ferguson";
				TargetAttributes = {
					52EFE92B1F81A5DE00F122D1 = {
						CreatedOnToolsVersion = 8.3.3;
						ProvisioningStyle = Automatic;
					};
					52EFE93C1F81A5DF00F122D1 = {
						CreatedOnToolsVersion = 8.3.3;
						ProvisioningStyle = Automatic;
						TestTargetID = 52EFE92B1F81A5DE00F122D1;
					};
					52EFE9471F81A5DF00F122D1 = {
						CreatedOnToolsVersion = 8.3.3;
						ProvisioningStyle = Automatic;
						TestTargetID = 52EFE92B1F81A5DE00F122D1;
					};
				};
			};
			buildConfigurationList = 52EFE9271F81A5DE00F122D1 /* Build configuration list for PBXProject "PresentationViewer" */;
			compatibilityVersion = "Xcode 3.1";
			developmentRegion = English;
			hasScannedForEncodings = 0;
			knownRegions = (
				en,
				Base,
			);
			mainGroup = 52EFE9231F81A5DE00F122D1;
			productRefGroup = 52EFE92D1F81A5DE00F122D1 /* Products */;
			projectDirPath = "";
			projectRoot = "";
			targets = (
				52EFE92B1F81A5DE00F122D1 /* PresentationViewer */,
				52EFE93C1F81A5DF00F122D1 /* PresentationViewerTests */,
				52EFE9471F81A5DF00F122D1 /* PresentationViewerUITests */,
			);
		};
/* End PBXProject section */

/* Begin PBXResourcesBuildPhase section */
		52EFE92A1F81A5DE00F122D1 /* Resources */ = {
			isa = PBXResourcesBuildPhase;
			buildActionMask = 2147483647;
			files = (
				52EFE9341F81A5DF00F122D1 /* Assets.xcassets in Resources */,
				52FF981C1F87275B007ADEF2 /* PresentationWindow.xib in Resources */,
				52EFE9621F81A8CD00F122D1 /* WindowController.xib in Resources */,
				52EFE95B1F81A69200F122D1 /* MainMenu.xib in Resources */,
				52C244A41F89EEF6009B6F77 /* PDFViewHolder.xib in Resources */,
				52B6DD611F85AAC0004582A6 /* BookmarksTableViewController.xib in Resources */,
				520A8AE31F8337AE00B039CC /* PresentationTableViewController.xib in Resources */,
			);
			runOnlyForDeploymentPostprocessing = 0;
		};
		52EFE93B1F81A5DF00F122D1 /* Resources */ = {
			isa = PBXResourcesBuildPhase;
			buildActionMask = 2147483647;
			files = (
			);
			runOnlyForDeploymentPostprocessing = 0;
		};
		52EFE9461F81A5DF00F122D1 /* Resources */ = {
			isa = PBXResourcesBuildPhase;
			buildActionMask = 2147483647;
			files = (
			);
			runOnlyForDeploymentPostprocessing = 0;
		};
/* End PBXResourcesBuildPhase section */

/* Begin PBXSourcesBuildPhase section */
		52EFE9281F81A5DE00F122D1 /* Sources */ = {
			isa = PBXSourcesBuildPhase;
			buildActionMask = 2147483647;
			files = (
				52EFE9301F81A5DF00F122D1 /* AppDelegate.swift in Sources */,
				52C244A31F89EEF6009B6F77 /* PDFViewHolder.swift in Sources */,
				52B6DD601F85AAC0004582A6 /* BookmarksTableViewController.swift in Sources */,
				520A8AD71F81ACE800B039CC /* PresentationViewerModel.swift in Sources */,
				52C244A01F89D941009B6F77 /* MyView.swift in Sources */,
				52FF981B1F87275B007ADEF2 /* PresentationWindow.swift in Sources */,
				52EFE9611F81A8CD00F122D1 /* WindowController.swift in Sources */,
				520A8AE21F8337AD00B039CC /* PresentationTableViewController.swift in Sources */,
			);
			runOnlyForDeploymentPostprocessing = 0;
		};
		52EFE9391F81A5DF00F122D1 /* Sources */ = {
			isa = PBXSourcesBuildPhase;
			buildActionMask = 2147483647;
			files = (
				52EFE9421F81A5DF00F122D1 /* PresentationViewerTests.swift in Sources */,
			);
			runOnlyForDeploymentPostprocessing = 0;
		};
		52EFE9441F81A5DF00F122D1 /* Sources */ = {
			isa = PBXSourcesBuildPhase;
			buildActionMask = 2147483647;
			files = (
				52EFE94D1F81A5DF00F122D1 /* PresentationViewerUITests.swift in Sources */,
			);
			runOnlyForDeploymentPostprocessing = 0;
		};
/* End PBXSourcesBuildPhase section */

/* Begin PBXTargetDependency section */
		52EFE93F1F81A5DF00F122D1 /* PBXTargetDependency */ = {
			isa = PBXTargetDependency;
			target = 52EFE92B1F81A5DE00F122D1 /* PresentationViewer */;
			targetProxy = 52EFE93E1F81A5DF00F122D1 /* PBXContainerItemProxy */;
		};
		52EFE94A1F81A5DF00F122D1 /* PBXTargetDependency */ = {
			isa = PBXTargetDependency;
			target = 52EFE92B1F81A5DE00F122D1 /* PresentationViewer */;
			targetProxy = 52EFE9491F81A5DF00F122D1 /* PBXContainerItemProxy */;
		};
/* End PBXTargetDependency section */

/* Begin XCBuildConfiguration section */
		52EFE94F1F81A5DF00F122D1 /* Debug */ = {
			isa = XCBuildConfiguration;
			buildSettings = {
				ALWAYS_SEARCH_USER_PATHS = NO;
				CLANG_ANALYZER_NONNULL = YES;
				CLANG_ANALYZER_NUMBER_OBJECT_CONVERSION = YES_AGGRESSIVE;
				CLANG_CXX_LANGUAGE_STANDARD = "gnu++0x";
				CLANG_CXX_LIBRARY = "libc++";
				CLANG_ENABLE_MODULES = YES;
				CLANG_ENABLE_OBJC_ARC = YES;
				CLANG_WARN_BOOL_CONVERSION = YES;
				CLANG_WARN_CONSTANT_CONVERSION = YES;
				CLANG_WARN_DIRECT_OBJC_ISA_USAGE = YES_ERROR;
				CLANG_WARN_DOCUMENTATION_COMMENTS = YES;
				CLANG_WARN_EMPTY_BODY = YES;
				CLANG_WARN_ENUM_CONVERSION = YES;
				CLANG_WARN_INFINITE_RECURSION = YES;
				CLANG_WARN_INT_CONVERSION = YES;
				CLANG_WARN_OBJC_ROOT_CLASS = YES_ERROR;
				CLANG_WARN_SUSPICIOUS_MOVE = YES;
				CLANG_WARN_UNREACHABLE_CODE = YES;
				CLANG_WARN__DUPLICATE_METHOD_MATCH = YES;
				CODE_SIGN_IDENTITY = "-";
				COPY_PHASE_STRIP = NO;
				DEBUG_INFORMATION_FORMAT = dwarf;
				ENABLE_STRICT_OBJC_MSGSEND = YES;
				ENABLE_TESTABILITY = YES;
				GCC_C_LANGUAGE_STANDARD = gnu99;
				GCC_DYNAMIC_NO_PIC = NO;
				GCC_NO_COMMON_BLOCKS = YES;
				GCC_OPTIMIZATION_LEVEL = 0;
				GCC_PREPROCESSOR_DEFINITIONS = (
					"DEBUG=1",
					"$(inherited)",
				);
				GCC_WARN_64_TO_32_BIT_CONVERSION = YES;
				GCC_WARN_ABOUT_RETURN_TYPE = YES_ERROR;
				GCC_WARN_UNDECLARED_SELECTOR = YES;
				GCC_WARN_UNINITIALIZED_AUTOS = YES_AGGRESSIVE;
				GCC_WARN_UNUSED_FUNCTION = YES;
				GCC_WARN_UNUSED_VARIABLE = YES;
				MACOSX_DEPLOYMENT_TARGET = 10.12;
				MTL_ENABLE_DEBUG_INFO = YES;
				ONLY_ACTIVE_ARCH = YES;
				SDKROOT = macosx;
				SWIFT_ACTIVE_COMPILATION_CONDITIONS = DEBUG;
				SWIFT_OPTIMIZATION_LEVEL = "-Onone";
			};
			name = Debug;
		};
		52EFE9501F81A5DF00F122D1 /* Release */ = {
			isa = XCBuildConfiguration;
			buildSettings = {
				ALWAYS_SEARCH_USER_PATHS = NO;
				CLANG_ANALYZER_NONNULL = YES;
				CLANG_ANALYZER_NUMBER_OBJECT_CONVERSION = YES_AGGRESSIVE;
				CLANG_CXX_LANGUAGE_STANDARD = "gnu++0x";
				CLANG_CXX_LIBRARY = "libc++";
				CLANG_ENABLE_MODULES = YES;
				CLANG_ENABLE_OBJC_ARC = YES;
				CLANG_WARN_BOOL_CONVERSION = YES;
				CLANG_WARN_CONSTANT_CONVERSION = YES;
				CLANG_WARN_DIRECT_OBJC_ISA_USAGE = YES_ERROR;
				CLANG_WARN_DOCUMENTATION_COMMENTS = YES;
				CLANG_WARN_EMPTY_BODY = YES;
				CLANG_WARN_ENUM_CONVERSION = YES;
				CLANG_WARN_INFINITE_RECURSION = YES;
				CLANG_WARN_INT_CONVERSION = YES;
				CLANG_WARN_OBJC_ROOT_CLASS = YES_ERROR;
				CLANG_WARN_SUSPICIOUS_MOVE = YES;
				CLANG_WARN_UNREACHABLE_CODE = YES;
				CLANG_WARN__DUPLICATE_METHOD_MATCH = YES;
				CODE_SIGN_IDENTITY = "-";
				COPY_PHASE_STRIP = NO;
				DEBUG_INFORMATION_FORMAT = "dwarf-with-dsym";
				ENABLE_NS_ASSERTIONS = NO;
				ENABLE_STRICT_OBJC_MSGSEND = YES;
				GCC_C_LANGUAGE_STANDARD = gnu99;
				GCC_NO_COMMON_BLOCKS = YES;
				GCC_WARN_64_TO_32_BIT_CONVERSION = YES;
				GCC_WARN_ABOUT_RETURN_TYPE = YES_ERROR;
				GCC_WARN_UNDECLARED_SELECTOR = YES;
				GCC_WARN_UNINITIALIZED_AUTOS = YES_AGGRESSIVE;
				GCC_WARN_UNUSED_FUNCTION = YES;
				GCC_WARN_UNUSED_VARIABLE = YES;
				MACOSX_DEPLOYMENT_TARGET = 10.12;
				MTL_ENABLE_DEBUG_INFO = NO;
				SDKROOT = macosx;
				SWIFT_OPTIMIZATION_LEVEL = "-Owholemodule";
			};
			name = Release;
		};
		52EFE9521F81A5DF00F122D1 /* Debug */ = {
			isa = XCBuildConfiguration;
			buildSettings = {
				ASSETCATALOG_COMPILER_APPICON_NAME = AppIcon;
				COMBINE_HIDPI_IMAGES = YES;
				INFOPLIST_FILE = PresentationViewer/Info.plist;
				LD_RUNPATH_SEARCH_PATHS = "$(inherited) @executable_path/../Frameworks";
				PRODUCT_BUNDLE_IDENTIFIER = "Sam-Ferguson.PresentationViewer";
				PRODUCT_NAME = "$(TARGET_NAME)";
				SWIFT_VERSION = 3.0;
			};
			name = Debug;
		};
		52EFE9531F81A5DF00F122D1 /* Release */ = {
			isa = XCBuildConfiguration;
			buildSettings = {
				ASSETCATALOG_COMPILER_APPICON_NAME = AppIcon;
				COMBINE_HIDPI_IMAGES = YES;
				INFOPLIST_FILE = PresentationViewer/Info.plist;
				LD_RUNPATH_SEARCH_PATHS = "$(inherited) @executable_path/../Frameworks";
				PRODUCT_BUNDLE_IDENTIFIER = "Sam-Ferguson.PresentationViewer";
				PRODUCT_NAME = "$(TARGET_NAME)";
				SWIFT_VERSION = 3.0;
			};
			name = Release;
		};
		52EFE9551F81A5DF00F122D1 /* Debug */ = {
			isa = XCBuildConfiguration;
			buildSettings = {
				ALWAYS_EMBED_SWIFT_STANDARD_LIBRARIES = YES;
				BUNDLE_LOADER = "$(TEST_HOST)";
				COMBINE_HIDPI_IMAGES = YES;
				INFOPLIST_FILE = PresentationViewerTests/Info.plist;
				LD_RUNPATH_SEARCH_PATHS = "$(inherited) @executable_path/../Frameworks @loader_path/../Frameworks";
				PRODUCT_BUNDLE_IDENTIFIER = "Sam-Ferguson.PresentationViewerTests";
				PRODUCT_NAME = "$(TARGET_NAME)";
				SWIFT_VERSION = 3.0;
				TEST_HOST = "$(BUILT_PRODUCTS_DIR)/PresentationViewer.app/Contents/MacOS/PresentationViewer";
			};
			name = Debug;
		};
		52EFE9561F81A5DF00F122D1 /* Release */ = {
			isa = XCBuildConfiguration;
			buildSettings = {
				ALWAYS_EMBED_SWIFT_STANDARD_LIBRARIES = YES;
				BUNDLE_LOADER = "$(TEST_HOST)";
				COMBINE_HIDPI_IMAGES = YES;
				INFOPLIST_FILE = PresentationViewerTests/Info.plist;
				LD_RUNPATH_SEARCH_PATHS = "$(inherited) @executable_path/../Frameworks @loader_path/../Frameworks";
				PRODUCT_BUNDLE_IDENTIFIER = "Sam-Ferguson.PresentationViewerTests";
				PRODUCT_NAME = "$(TARGET_NAME)";
				SWIFT_VERSION = 3.0;
				TEST_HOST = "$(BUILT_PRODUCTS_DIR)/PresentationViewer.app/Contents/MacOS/PresentationViewer";
			};
			name = Release;
		};
		52EFE9581F81A5DF00F122D1 /* Debug */ = {
			isa = XCBuildConfiguration;
			buildSettings = {
				ALWAYS_EMBED_SWIFT_STANDARD_LIBRARIES = YES;
				COMBINE_HIDPI_IMAGES = YES;
				INFOPLIST_FILE = PresentationViewerUITests/Info.plist;
				LD_RUNPATH_SEARCH_PATHS = "$(inherited) @executable_path/../Frameworks @loader_path/../Frameworks";
				PRODUCT_BUNDLE_IDENTIFIER = "Sam-Ferguson.PresentationViewerUITests";
				PRODUCT_NAME = "$(TARGET_NAME)";
				SWIFT_VERSION = 3.0;
				TEST_TARGET_NAME = PresentationViewer;
			};
			name = Debug;
		};
		52EFE9591F81A5DF00F122D1 /* Release */ = {
			isa = XCBuildConfiguration;
			buildSettings = {
				ALWAYS_EMBED_SWIFT_STANDARD_LIBRARIES = YES;
				COMBINE_HIDPI_IMAGES = YES;
				INFOPLIST_FILE = PresentationViewerUITests/Info.plist;
				LD_RUNPATH_SEARCH_PATHS = "$(inherited) @executable_path/../Frameworks @loader_path/../Frameworks";
				PRODUCT_BUNDLE_IDENTIFIER = "Sam-Ferguson.PresentationViewerUITests";
				PRODUCT_NAME = "$(TARGET_NAME)";
				SWIFT_VERSION = 3.0;
				TEST_TARGET_NAME = PresentationViewer;
			};
			name = Release;
		};
/* End XCBuildConfiguration section */

/* Begin XCConfigurationList section */
		52EFE9271F81A5DE00F122D1 /* Build configuration list for PBXProject "PresentationViewer" */ = {
			isa = XCConfigurationList;
			buildConfigurations = (
				52EFE94F1F81A5DF00F122D1 /* Debug */,
				52EFE9501F81A5DF00F122D1 /* Release */,
			);
			defaultConfigurationIsVisible = 0;
			defaultConfigurationName = Release;
		};
		52EFE9511F81A5DF00F122D1 /* Build configuration list for PBXNativeTarget "PresentationViewer" */ = {
			isa = XCConfigurationList;
			buildConfigurations = (
				52EFE9521F81A5DF00F122D1 /* Debug */,
				52EFE9531F81A5DF00F122D1 /* Release */,
			);
			defaultConfigurationIsVisible = 0;
			defaultConfigurationName = Release;
		};
		52EFE9541F81A5DF00F122D1 /* Build configuration list for PBXNativeTarget "PresentationViewerTests" */ = {
			isa = XCConfigurationList;
			buildConfigurations = (
				52EFE9551F81A5DF00F122D1 /* Debug */,
				52EFE9561F81A5DF00F122D1 /* Release */,
			);
			defaultConfigurationIsVisible = 0;
			defaultConfigurationName = Release;
		};
		52EFE9571F81A5DF00F122D1 /* Build configuration list for PBXNativeTarget "PresentationViewerUITests" */ = {
			isa = XCConfigurationList;
			buildConfigurations = (
				52EFE9581F81A5DF00F122D1 /* Debug */,
				52EFE9591F81A5DF00F122D1 /* Release */,
			);
			defaultConfigurationIsVisible = 0;
			defaultConfigurationName = Release;
		};
/* End XCConfigurationList section */
	};
	rootObject = 52EFE9241F81A5DE00F122D1 /* Project object */;
}
